
Microsoft Visual Studio Solution File, Format Version 11.00
# Visual Studio 2010
Project("{FAE04EC0-301F-11D3-BF4B-00C04F79EFBC}") = "Modul02", "Modul02.csproj", "{FC735739-55B9-492A-9552-674456007FC0}"
EndProject
Global
	GlobalSection(SolutionConfigurationPlatforms) = preSolution
		Debug|x86 = Debug|x86
		Release|x86 = Release|x86
	EndGlobalSection
	GlobalSection(ProjectConfigurationPlatforms) = postSolution
		{FC735739-55B9-492A-9552-674456007FC0}.Debug|x86.ActiveCfg = Debug|x86
		{FC735739-55B9-492A-9552-674456007FC0}.Debug|x86.Build.0 = Debug|x86
		{FC735739-55B9-492A-9552-674456007FC0}.Release|x86.ActiveCfg = Release|x86
		{FC735739-55B9-492A-9552-674456007FC0}.Release|x86.Build.0 = Release|x86
	EndGlobalSection
EndGlobal
